Microsoft Visual Studio Solution File, Format Version 12.00
# Visual Studio Version 17
VisualStudioVersion = 17.4.33122.133
MinimumVisualStudioVersion = 10.0.40219.1
Project("{9A19103F-16F7-4668-BE54-9A1E7A4F7556}") = "NCProgramConcatenationForHoleDrilling", "NCProgramConcatenationForHoleDrilling\NCProgramConcatenationForHoleDrilling.csproj", "{672B0AF0-09ED-42A5-BC91-F1D41ACA4F56}"
EndProject
Project("{2150E333-8FDC-42A3-9474-1A3956D46DE8}") = "AOP", "AOP", "{2280FE7F-FB0B-44C7-8DAE-70A7119006FB}"
EndProject
Project("{9A19103F-16F7-4668-BE54-9A1E7A4F7556}") = "Wada.AOP.Logging", "Wada.AOP.Logging\Wada.AOP.Logging.csproj", "{8B77098B-184F-456F-9E94-1C0791897C3D}"
EndProject
Project("{2150E333-8FDC-42A3-9474-1A3956D46DE8}") = "UseCase", "UseCase", "{D3D9615A-1602-44DB-883B-5D520011579A}"
EndProject
Project("{9A19103F-16F7-4668-BE54-9A1E7A4F7556}") = "Wada.ReadSubNCProgramApplication", "Wada.ReadSubNCProgramApplication\Wada.ReadSubNCProgramApplication.csproj", "{79C0DA99-7EA1-4B67-AA59-155763421201}"
EndProject
Project("{9A19103F-16F7-4668-BE54-9A1E7A4F7556}") = "Wada.ReadSubNCProgramApplicationTests", "Wada.ReadSubNCProgramApplicationTests\Wada.ReadSubNCProgramApplicationTests.csproj", "{1B1C67F7-EC9F-42B4-97A5-28EEEA44D608}"
EndProject
Project("{2150E333-8FDC-42A3-9474-1A3956D46DE8}") = "Domain", "Domain", "{59A5C3B5-5809-4C0A-BFDC-FF70C80B5A9C}"
EndProject
Project("{9A19103F-16F7-4668-BE54-9A1E7A4F7556}") = "Wada.NCProgramConcatenationService", "Wada.NCProgramConcatenationService\Wada.NCProgramConcatenationService.csproj", "{77C5D031-833A-484E-8EB5-C631E826A70B}"
EndProject
Project("{2150E333-8FDC-42A3-9474-1A3956D46DE8}") = "Infrastructure", "Infrastructure", "{6CA6A240-9B6E-4F45-B371-694B79D19BBF}"
EndProject
Project("{9A19103F-16F7-4668-BE54-9A1E7A4F7556}") = "Wada.NCProgramFile", "Wada.NCProgramFile\Wada.NCProgramFile.csproj", "{1378CA73-01F1-4968-A775-71ABD0941054}"
EndProject
Project("{9A19103F-16F7-4668-BE54-9A1E7A4F7556}") = "Wada.NCProgramFileTests", "Wada.NCProgramFileTests\Wada.NCProgramFileTests.csproj", "{1617A665-9EC4-4A34-ABDA-F53C3F200D6A}"
EndProject
Project("{2150E333-8FDC-42A3-9474-1A3956D46DE8}") = "Presentation", "Presentation", "{2CB3DA79-2FCC-4EE9-AE7D-813D5451C76A}"
EndProject
Project("{9A19103F-16F7-4668-BE54-9A1E7A4F7556}") = "Wada.NCProgramConcatenationForHoleDrilling", "Wada.NCProgramConcatenationForHoleDrilling\Wada.NCProgramConcatenationForHoleDrilling.csproj", "{CA2594D8-46A7-4577-A7A5-6E1E9381A1B4}"
EndProject
Project("{9A19103F-16F7-4668-BE54-9A1E7A4F7556}") = "Wada.NCProgramConcatenationServiceTests", "Wada.NCProgramConcatenationServiceTests\Wada.NCProgramConcatenationServiceTests.csproj", "{B267E7B1-080D-4DD6-841C-E45C06D6DC44}"
EndProject
Project("{2150E333-8FDC-42A3-9474-1A3956D46DE8}") = "Extensions", "Extensions", "{FD903C9F-9DC3-45EB-BF3B-3B02D6B5C61F}"
EndProject
Project("{9A19103F-16F7-4668-BE54-9A1E7A4F7556}") = "Wada.Extension", "Wada.Extension\Wada.Extension.csproj", "{A69D289E-7951-4932-B111-C515CE823EBB}"
EndProject
Project("{9A19103F-16F7-4668-BE54-9A1E7A4F7556}") = "Wada.NCProgramConcatenationForHoleDrillingTests", "Wada.NCProgramConcatenationForHoleDrillingTests\Wada.NCProgramConcatenationForHoleDrillingTests.csproj", "{0DF9E990-74CC-48C0-A382-63E7EA725C86}"
EndProject
Project("{9A19103F-16F7-4668-BE54-9A1E7A4F7556}") = "Wada.ReadMainNCProgramApplication", "Wada.ReadMainNCProgramApplication\Wada.ReadMainNCProgramApplication.csproj", "{9B749CC4-9075-498E-80C8-2A950FDB40C1}"
EndProject
Project("{9A19103F-16F7-4668-BE54-9A1E7A4F7556}") = "Wada.ReadMainNCProgramApplicationTests", "Wada.ReadMainNCProgramApplicationTests\Wada.ReadMainNCProgramApplicationTests.csproj", "{C4593E33-E34C-4B62-B9AE-0F6AD909DFE7}"
EndProject
Project("{9A19103F-16F7-4668-BE54-9A1E7A4F7556}") = "Wada.ReadMainNCProgramParametersApplication", "Wada.ReadMainNCProgramParametersApplication\Wada.ReadMainNCProgramParametersApplication.csproj", "{4D3D1BF8-B527-4E3A-ABEC-073A4C9E425D}"
EndProject
Project("{9A19103F-16F7-4668-BE54-9A1E7A4F7556}") = "Wada.MainProgramPrameterSpreadSheet", "Wada.MainProgramPrameterSpreadSheet\Wada.MainProgramPrameterSpreadSheet.csproj", "{C6BAEA1F-ACF3-471F-8ED6-3723BDBBAA76}"
EndProject
Project("{9A19103F-16F7-4668-BE54-9A1E7A4F7556}") = "Wada.MainProgramPrameterSpreadSheetTests", "Wada.MainProgramPrameterSpreadSheetTests\Wada.MainProgramPrameterSpreadSheetTests.csproj", "{5EDFAA2B-D1B1-4F6D-8980-07FCA000E7E2}"
EndProject
Project("{9A19103F-16F7-4668-BE54-9A1E7A4F7556}") = "Wada.EditNCProgramApplication", "Wada.EditNCProgramApplication\Wada.EditNCProgramApplication.csproj", "{1A8D09D8-BE91-48B5-B48B-ECBBB0768F2D}"
EndProject
Project("{9A19103F-16F7-4668-BE54-9A1E7A4F7556}") = "Wada.ReadMainNCProgramParametersApplicationTests", "Wada.ReadMainNCProgramParametersApplicationTests\Wada.ReadMainNCProgramParametersApplicationTests.csproj", "{8191BE41-90B6-4093-AE45-50AE3E940D9C}"
EndProject
Project("{9A19103F-16F7-4668-BE54-9A1E7A4F7556}") = "Wada.EditNCProgramApplicationTests", "Wada.EditNCProgramApplicationTests\Wada.EditNCProgramApplicationTests.csproj", "{433EE816-AB16-4FAA-B37C-3C28B385BA67}"
EndProject
Project("{9A19103F-16F7-4668-BE54-9A1E7A4F7556}") = "Wada.UseCase.DataClass", "Wada.UseCase.DataClass\Wada.UseCase.DataClass.csproj", "{74A8A3D3-19D0-408F-AA0A-2000D3F5DFD8}"
EndProject
Project("{9A19103F-16F7-4668-BE54-9A1E7A4F7556}") = "Wada.CombineMainNCProgramApplication", "Wada.CombineMainNCProgramApplication\Wada.CombineMainNCProgramApplication.csproj", "{A1DE181D-C360-4928-9E5A-7CBB2B5717AE}"
EndProject
Project("{FAE04EC0-301F-11D3-BF4B-00C04F79EFBC}") = "Wada.CombineMainNCProgramApplicationTests", "Wada.CombineMainNCProgramApplicationTests\Wada.CombineMainNCProgramApplicationTests.csproj", "{F9B98D5B-A185-4EF4-B55A-3A614DCA4686}"
EndProject
Global
	GlobalSection(SolutionConfigurationPlatforms) = preSolution
		Debug|Any CPU = Debug|Any CPU
		Release|Any CPU = Release|Any CPU
	EndGlobalSection
	GlobalSection(ProjectConfigurationPlatforms) = postSolution
		{672B0AF0-09ED-42A5-BC91-F1D41ACA4F56}.Debug|Any CPU.ActiveCfg = Debug|Any CPU
		{672B0AF0-09ED-42A5-BC91-F1D41ACA4F56}.Debug|Any CPU.Build.0 = Debug|Any CPU
		{672B0AF0-09ED-42A5-BC91-F1D41ACA4F56}.Release|Any CPU.ActiveCfg = Release|Any CPU
		{672B0AF0-09ED-42A5-BC91-F1D41ACA4F56}.Release|Any CPU.Build.0 = Release|Any CPU
		{8B77098B-184F-456F-9E94-1C0791897C3D}.Debug|Any CPU.ActiveCfg = Debug|Any CPU
		{8B77098B-184F-456F-9E94-1C0791897C3D}.Debug|Any CPU.Build.0 = Debug|Any CPU
		{8B77098B-184F-456F-9E94-1C0791897C3D}.Release|Any CPU.ActiveCfg = Release|Any CPU
		{8B77098B-184F-456F-9E94-1C0791897C3D}.Release|Any CPU.Build.0 = Release|Any CPU
		{79C0DA99-7EA1-4B67-AA59-155763421201}.Debug|Any CPU.ActiveCfg = Debug|Any CPU
		{79C0DA99-7EA1-4B67-AA59-155763421201}.Debug|Any CPU.Build.0 = Debug|Any CPU
		{79C0DA99-7EA1-4B67-AA59-155763421201}.Release|Any CPU.ActiveCfg = Release|Any CPU
		{79C0DA99-7EA1-4B67-AA59-155763421201}.Release|Any CPU.Build.0 = Release|Any CPU
		{1B1C67F7-EC9F-42B4-97A5-28EEEA44D608}.Debug|Any CPU.ActiveCfg = Debug|Any CPU
		{1B1C67F7-EC9F-42B4-97A5-28EEEA44D608}.Debug|Any CPU.Build.0 = Debug|Any CPU
		{1B1C67F7-EC9F-42B4-97A5-28EEEA44D608}.Release|Any CPU.ActiveCfg = Release|Any CPU
		{1B1C67F7-EC9F-42B4-97A5-28EEEA44D608}.Release|Any CPU.Build.0 = Release|Any CPU
		{77C5D031-833A-484E-8EB5-C631E826A70B}.Debug|Any CPU.ActiveCfg = Debug|Any CPU
		{77C5D031-833A-484E-8EB5-C631E826A70B}.Debug|Any CPU.Build.0 = Debug|Any CPU
		{77C5D031-833A-484E-8EB5-C631E826A70B}.Release|Any CPU.ActiveCfg = Release|Any CPU
		{77C5D031-833A-484E-8EB5-C631E826A70B}.Release|Any CPU.Build.0 = Release|Any CPU
		{1378CA73-01F1-4968-A775-71ABD0941054}.Debug|Any CPU.ActiveCfg = Debug|Any CPU
		{1378CA73-01F1-4968-A775-71ABD0941054}.Debug|Any CPU.Build.0 = Debug|Any CPU
		{1378CA73-01F1-4968-A775-71ABD0941054}.Release|Any CPU.ActiveCfg = Release|Any CPU
		{1378CA73-01F1-4968-A775-71ABD0941054}.Release|Any CPU.Build.0 = Release|Any CPU
		{1617A665-9EC4-4A34-ABDA-F53C3F200D6A}.Debug|Any CPU.ActiveCfg = Debug|Any CPU
		{1617A665-9EC4-4A34-ABDA-F53C3F200D6A}.Debug|Any CPU.Build.0 = Debug|Any CPU
		{1617A665-9EC4-4A34-ABDA-F53C3F200D6A}.Release|Any CPU.ActiveCfg = Release|Any CPU
		{1617A665-9EC4-4A34-ABDA-F53C3F200D6A}.Release|Any CPU.Build.0 = Release|Any CPU
		{CA2594D8-46A7-4577-A7A5-6E1E9381A1B4}.Debug|Any CPU.ActiveCfg = Debug|Any CPU
		{CA2594D8-46A7-4577-A7A5-6E1E9381A1B4}.Debug|Any CPU.Build.0 = Debug|Any CPU
		{CA2594D8-46A7-4577-A7A5-6E1E9381A1B4}.Release|Any CPU.ActiveCfg = Release|Any CPU
		{CA2594D8-46A7-4577-A7A5-6E1E9381A1B4}.Release|Any CPU.Build.0 = Release|Any CPU
		{B267E7B1-080D-4DD6-841C-E45C06D6DC44}.Debug|Any CPU.ActiveCfg = Debug|Any CPU
		{B267E7B1-080D-4DD6-841C-E45C06D6DC44}.Debug|Any CPU.Build.0 = Debug|Any CPU
		{B267E7B1-080D-4DD6-841C-E45C06D6DC44}.Release|Any CPU.ActiveCfg = Release|Any CPU
		{B267E7B1-080D-4DD6-841C-E45C06D6DC44}.Release|Any CPU.Build.0 = Release|Any CPU
		{A69D289E-7951-4932-B111-C515CE823EBB}.Debug|Any CPU.ActiveCfg = Debug|Any CPU
		{A69D289E-7951-4932-B111-C515CE823EBB}.Debug|Any CPU.Build.0 = Debug|Any CPU
		{A69D289E-7951-4932-B111-C515CE823EBB}.Release|Any CPU.ActiveCfg = Release|Any CPU
		{A69D289E-7951-4932-B111-C515CE823EBB}.Release|Any CPU.Build.0 = Release|Any CPU
		{0DF9E990-74CC-48C0-A382-63E7EA725C86}.Debug|Any CPU.ActiveCfg = Debug|Any CPU
		{0DF9E990-74CC-48C0-A382-63E7EA725C86}.Debug|Any CPU.Build.0 = Debug|Any CPU
		{0DF9E990-74CC-48C0-A382-63E7EA725C86}.Release|Any CPU.ActiveCfg = Release|Any CPU
		{0DF9E990-74CC-48C0-A382-63E7EA725C86}.Release|Any CPU.Build.0 = Release|Any CPU
		{9B749CC4-9075-498E-80C8-2A950FDB40C1}.Debug|Any CPU.ActiveCfg = Debug|Any CPU
		{9B749CC4-9075-498E-80C8-2A950FDB40C1}.Debug|Any CPU.Build.0 = Debug|Any CPU
		{9B749CC4-9075-498E-80C8-2A950FDB40C1}.Release|Any CPU.ActiveCfg = Release|Any CPU
		{9B749CC4-9075-498E-80C8-2A950FDB40C1}.Release|Any CPU.Build.0 = Release|Any CPU
		{C4593E33-E34C-4B62-B9AE-0F6AD909DFE7}.Debug|Any CPU.ActiveCfg = Debug|Any CPU
		{C4593E33-E34C-4B62-B9AE-0F6AD909DFE7}.Debug|Any CPU.Build.0 = Debug|Any CPU
		{C4593E33-E34C-4B62-B9AE-0F6AD909DFE7}.Release|Any CPU.ActiveCfg = Release|Any CPU
		{C4593E33-E34C-4B62-B9AE-0F6AD909DFE7}.Release|Any CPU.Build.0 = Release|Any CPU
		{4D3D1BF8-B527-4E3A-ABEC-073A4C9E425D}.Debug|Any CPU.ActiveCfg = Debug|Any CPU
		{4D3D1BF8-B527-4E3A-ABEC-073A4C9E425D}.Debug|Any CPU.Build.0 = Debug|Any CPU
		{4D3D1BF8-B527-4E3A-ABEC-073A4C9E425D}.Release|Any CPU.ActiveCfg = Release|Any CPU
		{4D3D1BF8-B527-4E3A-ABEC-073A4C9E425D}.Release|Any CPU.Build.0 = Release|Any CPU
		{C6BAEA1F-ACF3-471F-8ED6-3723BDBBAA76}.Debug|Any CPU.ActiveCfg = Debug|Any CPU
		{C6BAEA1F-ACF3-471F-8ED6-3723BDBBAA76}.Debug|Any CPU.Build.0 = Debug|Any CPU
		{C6BAEA1F-ACF3-471F-8ED6-3723BDBBAA76}.Release|Any CPU.ActiveCfg = Release|Any CPU
		{C6BAEA1F-ACF3-471F-8ED6-3723BDBBAA76}.Release|Any CPU.Build.0 = Release|Any CPU
		{5EDFAA2B-D1B1-4F6D-8980-07FCA000E7E2}.Debug|Any CPU.ActiveCfg = Debug|Any CPU
		{5EDFAA2B-D1B1-4F6D-8980-07FCA000E7E2}.Debug|Any CPU.Build.0 = Debug|Any CPU
		{5EDFAA2B-D1B1-4F6D-8980-07FCA000E7E2}.Release|Any CPU.ActiveCfg = Release|Any CPU
		{5EDFAA2B-D1B1-4F6D-8980-07FCA000E7E2}.Release|Any CPU.Build.0 = Release|Any CPU
		{1A8D09D8-BE91-48B5-B48B-ECBBB0768F2D}.Debug|Any CPU.ActiveCfg = Debug|Any CPU
		{1A8D09D8-BE91-48B5-B48B-ECBBB0768F2D}.Debug|Any CPU.Build.0 = Debug|Any CPU
		{1A8D09D8-BE91-48B5-B48B-ECBBB0768F2D}.Release|Any CPU.ActiveCfg = Release|Any CPU
		{1A8D09D8-BE91-48B5-B48B-ECBBB0768F2D}.Release|Any CPU.Build.0 = Release|Any CPU
		{8191BE41-90B6-4093-AE45-50AE3E940D9C}.Debug|Any CPU.ActiveCfg = Debug|Any CPU
		{8191BE41-90B6-4093-AE45-50AE3E940D9C}.Debug|Any CPU.Build.0 = Debug|Any CPU
		{8191BE41-90B6-4093-AE45-50AE3E940D9C}.Release|Any CPU.ActiveCfg = Release|Any CPU
		{8191BE41-90B6-4093-AE45-50AE3E940D9C}.Release|Any CPU.Build.0 = Release|Any CPU
		{433EE816-AB16-4FAA-B37C-3C28B385BA67}.Debug|Any CPU.ActiveCfg = Debug|Any CPU
		{433EE816-AB16-4FAA-B37C-3C28B385BA67}.Debug|Any CPU.Build.0 = Debug|Any CPU
		{433EE816-AB16-4FAA-B37C-3C28B385BA67}.Release|Any CPU.ActiveCfg = Release|Any CPU
		{433EE816-AB16-4FAA-B37C-3C28B385BA67}.Release|Any CPU.Build.0 = Release|Any CPU
		{74A8A3D3-19D0-408F-AA0A-2000D3F5DFD8}.Debug|Any CPU.ActiveCfg = Debug|Any CPU
		{74A8A3D3-19D0-408F-AA0A-2000D3F5DFD8}.Debug|Any CPU.Build.0 = Debug|Any CPU
		{74A8A3D3-19D0-408F-AA0A-2000D3F5DFD8}.Release|Any CPU.ActiveCfg = Release|Any CPU
		{74A8A3D3-19D0-408F-AA0A-2000D3F5DFD8}.Release|Any CPU.Build.0 = Release|Any CPU
		{A1DE181D-C360-4928-9E5A-7CBB2B5717AE}.Debug|Any CPU.ActiveCfg = Debug|Any CPU
		{A1DE181D-C360-4928-9E5A-7CBB2B5717AE}.Debug|Any CPU.Build.0 = Debug|Any CPU
		{A1DE181D-C360-4928-9E5A-7CBB2B5717AE}.Release|Any CPU.ActiveCfg = Release|Any CPU
		{A1DE181D-C360-4928-9E5A-7CBB2B5717AE}.Release|Any CPU.Build.0 = Release|Any CPU
		{F9B98D5B-A185-4EF4-B55A-3A614DCA4686}.Debug|Any CPU.ActiveCfg = Debug|Any CPU
		{F9B98D5B-A185-4EF4-B55A-3A614DCA4686}.Debug|Any CPU.Build.0 = Debug|Any CPU
		{F9B98D5B-A185-4EF4-B55A-3A614DCA4686}.Release|Any CPU.ActiveCfg = Release|Any CPU
		{F9B98D5B-A185-4EF4-B55A-3A614DCA4686}.Release|Any CPU.Build.0 = Release|Any CPU
	EndGlobalSection
	GlobalSection(SolutionProperties) = preSolution
		HideSolutionNode = FALSE
	EndGlobalSection
	GlobalSection(NestedProjects) = preSolution
		{8B77098B-184F-456F-9E94-1C0791897C3D} = {2280FE7F-FB0B-44C7-8DAE-70A7119006FB}
		{79C0DA99-7EA1-4B67-AA59-155763421201} = {D3D9615A-1602-44DB-883B-5D520011579A}
		{1B1C67F7-EC9F-42B4-97A5-28EEEA44D608} = {D3D9615A-1602-44DB-883B-5D520011579A}
		{77C5D031-833A-484E-8EB5-C631E826A70B} = {59A5C3B5-5809-4C0A-BFDC-FF70C80B5A9C}
		{1378CA73-01F1-4968-A775-71ABD0941054} = {6CA6A240-9B6E-4F45-B371-694B79D19BBF}
		{1617A665-9EC4-4A34-ABDA-F53C3F200D6A} = {6CA6A240-9B6E-4F45-B371-694B79D19BBF}
		{CA2594D8-46A7-4577-A7A5-6E1E9381A1B4} = {2CB3DA79-2FCC-4EE9-AE7D-813D5451C76A}
		{B267E7B1-080D-4DD6-841C-E45C06D6DC44} = {59A5C3B5-5809-4C0A-BFDC-FF70C80B5A9C}
		{A69D289E-7951-4932-B111-C515CE823EBB} = {FD903C9F-9DC3-45EB-BF3B-3B02D6B5C61F}
		{0DF9E990-74CC-48C0-A382-63E7EA725C86} = {2CB3DA79-2FCC-4EE9-AE7D-813D5451C76A}
		{9B749CC4-9075-498E-80C8-2A950FDB40C1} = {D3D9615A-1602-44DB-883B-5D520011579A}
		{C4593E33-E34C-4B62-B9AE-0F6AD909DFE7} = {D3D9615A-1602-44DB-883B-5D520011579A}
		{4D3D1BF8-B527-4E3A-ABEC-073A4C9E425D} = {D3D9615A-1602-44DB-883B-5D520011579A}
		{C6BAEA1F-ACF3-471F-8ED6-3723BDBBAA76} = {6CA6A240-9B6E-4F45-B371-694B79D19BBF}
		{5EDFAA2B-D1B1-4F6D-8980-07FCA000E7E2} = {6CA6A240-9B6E-4F45-B371-694B79D19BBF}
		{1A8D09D8-BE91-48B5-B48B-ECBBB0768F2D} = {D3D9615A-1602-44DB-883B-5D520011579A}
		{8191BE41-90B6-4093-AE45-50AE3E940D9C} = {D3D9615A-1602-44DB-883B-5D520011579A}
		{433EE816-AB16-4FAA-B37C-3C28B385BA67} = {D3D9615A-1602-44DB-883B-5D520011579A}
		{74A8A3D3-19D0-408F-AA0A-2000D3F5DFD8} = {D3D9615A-1602-44DB-883B-5D520011579A}
		{A1DE181D-C360-4928-9E5A-7CBB2B5717AE} = {D3D9615A-1602-44DB-883B-5D520011579A}
		{F9B98D5B-A185-4EF4-B55A-3A614DCA4686} = {D3D9615A-1602-44DB-883B-5D520011579A}
	EndGlobalSection
	GlobalSection(ExtensibilityGlobals) = postSolution
		SolutionGuid = {CF00B0F9-07EA-4A5B-BDCF-E0EA373D3274}
	EndGlobalSection
EndGlobal
